
Microsoft Visual Studio Solution File, Format Version 12.00
# Visual Studio Version 16
VisualStudioVersion = 16.0.31911.196
MinimumVisualStudioVersion = 10.0.40219.1
Project("{FAE04EC0-301F-11D3-BF4B-00C04F79EFBC}") = "PDFEditor", "PDFEditor\PDFEditor.csproj", "{4D528F5F-CEC0-4F2F-AB51-3372E78648DC}"
EndProject
Global
	GlobalSection(SolutionConfigurationPlatforms) = preSolution
		Debug|Any CPU = Debug|Any CPU
		Release|Any CPU = Release|Any CPU
	EndGlobalSection
	GlobalSection(ProjectConfigurationPlatforms) = postSolution
		{4D528F5F-CEC0-4F2F-AB51-3372E78648DC}.Debug|Any CPU.ActiveCfg = Debug|Any CPU
		{4D528F5F-CEC0-4F2F-AB51-3372E78648DC}.Debug|Any CPU.Build.0 = Debug|Any CPU
		{4D528F5F-CEC0-4F2F-AB51-3372E78648DC}.Release|Any CPU.ActiveCfg = Release|Any CPU
		{4D528F5F-CEC0-4F2F-AB51-3372E78648DC}.Release|Any CPU.Build.0 = Release|Any CPU
	EndGlobalSection
	GlobalSection(SolutionProperties) = preSolution
		HideSolutionNode = FALSE
	EndGlobalSection
	GlobalSection(ExtensibilityGlobals) = postSolution
		SolutionGuid = {6DFC2CCA-25B3-4255-B7A0-62AB247877BA}
	EndGlobalSection
EndGlobal
